
Microsoft Visual Studio Solution File, Format Version 12.00
# Visual Studio 2013
VisualStudioVersion = 12.0.21005.1
MinimumVisualStudioVersion = 10.0.40219.1
Project("{FAE04EC0-301F-11D3-BF4B-00C04F79EFBC}") = "c24.Sqlizer", "sources\c24.Sqlizer\c24.Sqlizer.csproj", "{923AA095-095C-48FC-8453-CBEAE84B7DAB}"
EndProject
Project("{FAE04EC0-301F-11D3-BF4B-00C04F79EFBC}") = "c24.Sqlizer.Tests", "sources\c24.Sqlizer.Tests\c24.Sqlizer.Tests.csproj", "{9A0A2A14-AE29-4275-8ABE-7D84263724AE}"
EndProject
Project("{2150E333-8FDC-42A3-9474-1A3956D46DE8}") = ".nuget", ".nuget", "{74C38B26-6DEF-4074-9CDF-7208CFFE5C29}"
	ProjectSection(SolutionItems) = preProject
		.nuget\NuGet.Config = .nuget\NuGet.Config
		.nuget\NuGet.exe = .nuget\NuGet.exe
		.nuget\NuGet.targets = .nuget\NuGet.targets
	EndProjectSection
EndProject
Global
	GlobalSection(SolutionConfigurationPlatforms) = preSolution
		Debug|Any CPU = Debug|Any CPU
		Release|Any CPU = Release|Any CPU
	EndGlobalSection
	GlobalSection(ProjectConfigurationPlatforms) = postSolution
		{923AA095-095C-48FC-8453-CBEAE84B7DAB}.Debug|Any CPU.ActiveCfg = Debug|Any CPU
		{923AA095-095C-48FC-8453-CBEAE84B7DAB}.Debug|Any CPU.Build.0 = Debug|Any CPU
		{923AA095-095C-48FC-8453-CBEAE84B7DAB}.Release|Any CPU.ActiveCfg = Release|Any CPU
		{923AA095-095C-48FC-8453-CBEAE84B7DAB}.Release|Any CPU.Build.0 = Release|Any CPU
		{9A0A2A14-AE29-4275-8ABE-7D84263724AE}.Debug|Any CPU.ActiveCfg = Debug|Any CPU
		{9A0A2A14-AE29-4275-8ABE-7D84263724AE}.Debug|Any CPU.Build.0 = Debug|Any CPU
		{9A0A2A14-AE29-4275-8ABE-7D84263724AE}.Release|Any CPU.ActiveCfg = Release|Any CPU
		{9A0A2A14-AE29-4275-8ABE-7D84263724AE}.Release|Any CPU.Build.0 = Release|Any CPU
	EndGlobalSection
	GlobalSection(SolutionProperties) = preSolution
		HideSolutionNode = FALSE
	EndGlobalSection
EndGlobal
